// !$*UTF8*$!
{
	archiveVersion = 1;
	classes = {
	};
	objectVersion = 46;
	objects = {

/* Begin PBXBuildFile section */
		8D8D7DB01B09F98A003A00AB /* AppDelegate.swift in Sources */ = {isa = PBXBuildFile; fileRef = 8D8D7DAF1B09F98A003A00AB /* AppDelegate.swift */; };
		8D8D7DB21B09F98A003A00AB /* DeomViewController.swift in Sources */ = {isa = PBXBuildFile; fileRef = 8D8D7DB11B09F98A003A00AB /* DeomViewController.swift */; };
		8D8D7DB51B09F98A003A00AB /* Main.storyboard in Resources */ = {isa = PBXBuildFile; fileRef = 8D8D7DB31B09F98A003A00AB /* Main.storyboard */; };
		8D8D7DB71B09F98A003A00AB /* Images.xcassets in Resources */ = {isa = PBXBuildFile; fileRef = 8D8D7DB61B09F98A003A00AB /* Images.xcassets */; };
		8D8D7DBA1B09F98A003A00AB /* LaunchScreen.xib in Resources */ = {isa = PBXBuildFile; fileRef = 8D8D7DB81B09F98A003A00AB /* LaunchScreen.xib */; };
		8D8D7DC61B09F98A003A00AB /* CountdownViewTests.swift in Sources */ = {isa = PBXBuildFile; fileRef = 8D8D7DC51B09F98A003A00AB /* CountdownViewTests.swift */; };
		8D8D7DD01B09F9E6003A00AB /* CountDownView.swift in Sources */ = {isa = PBXBuildFile; fileRef = 8D8D7DCF1B09F9E6003A00AB /* CountDownView.swift */; };
		8D8D7DD21B09F9F2003A00AB /* CountDownView.xib in Resources */ = {isa = PBXBuildFile; fileRef = 8D8D7DD11B09F9F2003A00AB /* CountDownView.xib */; };
/* End PBXBuildFile section */

/* Begin PBXContainerItemProxy section */
		8D8D7DC01B09F98A003A00AB /* PBXContainerItemProxy */ = {
			isa = PBXContainerItemProxy;
			containerPortal = 8D8D7DA21B09F98A003A00AB /* Project object */;
			proxyType = 1;
			remoteGlobalIDString = 8D8D7DA91B09F98A003A00AB;
			remoteInfo = CountdownView;
		};
/* End PBXContainerItemProxy section */

/* Begin PBXFileReference section */
		8D8D7DAA1B09F98A003A00AB /* CountdownView.app */ = {isa = PBXFileReference; explicitFileType = wrapper.application; includeInIndex = 0; path = CountdownView.app; sourceTree = BUILT_PRODUCTS_DIR; };
		8D8D7DAE1B09F98A003A00AB /* Info.plist */ = {isa = PBXFileReference; lastKnownFileType = text.plist.xml; path = Info.plist; sourceTree = "<group>"; };
		8D8D7DAF1B09F98A003A00AB /* AppDelegate.swift */ = {isa = PBXFileReference; lastKnownFileType = sourcecode.swift; path = AppDelegate.swift; sourceTree = "<group>"; };
		8D8D7DB11B09F98A003A00AB /* DeomViewController.swift */ = {isa = PBXFileReference; lastKnownFileType = sourcecode.swift; path = DeomViewController.swift; sourceTree = "<group>"; };
		8D8D7DB41B09F98A003A00AB /* Base */ = {isa = PBXFileReference; lastKnownFileType = file.storyboard; name = Base; path = Base.lproj/Main.storyboard; sourceTree = "<group>"; };
		8D8D7DB61B09F98A003A00AB /* Images.xcassets */ = {isa = PBXFileReference; lastKnownFileType = folder.assetcatalog; path = Images.xcassets; sourceTree = "<group>"; };
		8D8D7DB91B09F98A003A00AB /* Base */ = {isa = PBXFileReference; lastKnownFileType = file.xib; name = Base; path = Base.lproj/LaunchScreen.xib; sourceTree = "<group>"; };
		8D8D7DBF1B09F98A003A00AB /* CountdownViewTests.xctest */ = {isa = PBXFileReference; explicitFileType = wrapper.cfbundle; includeInIndex = 0; path = CountdownViewTests.xctest; sourceTree = BUILT_PRODUCTS_DIR; };
		8D8D7DC41B09F98A003A00AB /* Info.plist */ = {isa = PBXFileReference; lastKnownFileType = text.plist.xml; path = Info.plist; sourceTree = "<group>"; };
		8D8D7DC51B09F98A003A00AB /* CountdownViewTests.swift */ = {isa = PBXFileReference; lastKnownFileType = sourcecode.swift; path = CountdownViewTests.swift; sourceTree = "<group>"; };
		8D8D7DCF1B09F9E6003A00AB /* CountDownView.swift */ = {isa = PBXFileReference; fileEncoding = 4; lastKnownFileType = sourcecode.swift; path = CountDownView.swift; sourceTree = "<group>"; };
		8D8D7DD11B09F9F2003A00AB /* CountDownView.xib */ = {isa = PBXFileReference; fileEncoding = 4; lastKnownFileType = file.xib; path = CountDownView.xib; sourceTree = "<group>"; };
/* End PBXFileReference section */

/* Begin PBXFrameworksBuildPhase section */
		8D8D7DA71B09F98A003A00AB /* Frameworks */ = {
			isa = PBXFrameworksBuildPhase;
			buildActionMask = 2147483647;
			files = (
			);
			runOnlyForDeploymentPostprocessing = 0;
		};
		8D8D7DBC1B09F98A003A00AB /* Frameworks */ = {
			isa = PBXFrameworksBuildPhase;
			buildActionMask = 2147483647;
			files = (
			);
			runOnlyForDeploymentPostprocessing = 0;
		};
/* End PBXFrameworksBuildPhase section */

/* Begin PBXGroup section */
		8D8D7DA11B09F98A003A00AB = {
			isa = PBXGroup;
			children = (
				8D8D7DAC1B09F98A003A00AB /* CountdownView */,
				8D8D7DC21B09F98A003A00AB /* CountdownViewTests */,
				8D8D7DAB1B09F98A003A00AB /* Products */,
			);
			sourceTree = "<group>";
		};
		8D8D7DAB1B09F98A003A00AB /* Products */ = {
			isa = PBXGroup;
			children = (
				8D8D7DAA1B09F98A003A00AB /* CountdownView.app */,
				8D8D7DBF1B09F98A003A00AB /* CountdownViewTests.xctest */,
			);
			name = Products;
			sourceTree = "<group>";
		};
		8D8D7DAC1B09F98A003A00AB /* CountdownView */ = {
			isa = PBXGroup;
			children = (
				8D8D7DAF1B09F98A003A00AB /* AppDelegate.swift */,
				8D8D7DB11B09F98A003A00AB /* DeomViewController.swift */,
				8D8D7DCF1B09F9E6003A00AB /* CountDownView.swift */,
				8D8D7DD11B09F9F2003A00AB /* CountDownView.xib */,
				8D8D7DB31B09F98A003A00AB /* Main.storyboard */,
				8D8D7DB61B09F98A003A00AB /* Images.xcassets */,
				8D8D7DB81B09F98A003A00AB /* LaunchScreen.xib */,
				8D8D7DAD1B09F98A003A00AB /* Supporting Files */,
			);
			path = CountdownView;
			sourceTree = "<group>";
		};
		8D8D7DAD1B09F98A003A00AB /* Supporting Files */ = {
			isa = PBXGroup;
			children = (
				8D8D7DAE1B09F98A003A00AB /* Info.plist */,
			);
			name = "Supporting Files";
			sourceTree = "<group>";
		};
		8D8D7DC21B09F98A003A00AB /* CountdownViewTests */ = {
			isa = PBXGroup;
			children = (
				8D8D7DC51B09F98A003A00AB /* CountdownViewTests.swift */,
				8D8D7DC31B09F98A003A00AB /* Supporting Files */,
			);
			path = CountdownViewTests;
			sourceTree = "<group>";
		};
		8D8D7DC31B09F98A003A00AB /* Supporting Files */ = {
			isa = PBXGroup;
			children = (
				8D8D7DC41B09F98A003A00AB /* Info.plist */,
			);
			name = "Supporting Files";
			sourceTree = "<group>";
		};
/* End PBXGroup section */

/* Begin PBXNativeTarget section */
		8D8D7DA91B09F98A003A00AB /* CountdownView */ = {
			isa = PBXNativeTarget;
			buildConfigurationList = 8D8D7DC91B09F98A003A00AB /* Build configuration list for PBXNativeTarget "CountdownView" */;
			buildPhases = (
				8D8D7DA61B09F98A003A00AB /* Sources */,
				8D8D7DA71B09F98A003A00AB /* Frameworks */,
				8D8D7DA81B09F98A003A00AB /* Resources */,
			);
			buildRules = (
			);
			dependencies = (
			);
			name = CountdownView;
			productName = CountdownView;
			productReference = 8D8D7DAA1B09F98A003A00AB /* CountdownView.app */;
			productType = "com.apple.product-type.application";
		};
		8D8D7DBE1B09F98A003A00AB /* CountdownViewTests */ = {
			isa = PBXNativeTarget;
			buildConfigurationList = 8D8D7DCC1B09F98A003A00AB /* Build configuration list for PBXNativeTarget "CountdownViewTests" */;
			buildPhases = (
				8D8D7DBB1B09F98A003A00AB /* Sources */,
				8D8D7DBC1B09F98A003A00AB /* Frameworks */,
				8D8D7DBD1B09F98A003A00AB /* Resources */,
			);
			buildRules = (
			);
			dependencies = (
				8D8D7DC11B09F98A003A00AB /* PBXTargetDependency */,
			);
			name = CountdownViewTests;
			productName = CountdownViewTests;
			productReference = 8D8D7DBF1B09F98A003A00AB /* CountdownViewTests.xctest */;
			productType = "com.apple.product-type.bundle.unit-test";
		};
/* End PBXNativeTarget section */

/* Begin PBXProject section */
		8D8D7DA21B09F98A003A00AB /* Project object */ = {
			isa = PBXProject;
			attributes = {
				LastUpgradeCheck = 0630;
				ORGANIZATIONNAME = suzuki_kiwamu;
				TargetAttributes = {
					8D8D7DA91B09F98A003A00AB = {
						CreatedOnToolsVersion = 6.3.1;
					};
					8D8D7DBE1B09F98A003A00AB = {
						CreatedOnToolsVersion = 6.3.1;
						TestTargetID = 8D8D7DA91B09F98A003A00AB;
					};
				};
			};
			buildConfigurationList = 8D8D7DA51B09F98A003A00AB /* Build configuration list for PBXProject "CountdownView" */;
			compatibilityVersion = "Xcode 3.2";
			developmentRegion = English;
			hasScannedForEncodings = 0;
			knownRegions = (
				en,
				Base,
			);
			mainGroup = 8D8D7DA11B09F98A003A00AB;
			productRefGroup = 8D8D7DAB1B09F98A003A00AB /* Products */;
			projectDirPath = "";
			projectRoot = "";
			targets = (
				8D8D7DA91B09F98A003A00AB /* CountdownView */,
				8D8D7DBE1B09F98A003A00AB /* CountdownViewTests */,
			);
		};
/* End PBXProject section */

/* Begin PBXResourcesBuildPhase section */
		8D8D7DA81B09F98A003A00AB /* Resources */ = {
			isa = PBXResourcesBuildPhase;
			buildActionMask = 2147483647;
			files = (
				8D8D7DB51B09F98A003A00AB /* Main.storyboard in Resources */,
				8D8D7DBA1B09F98A003A00AB /* LaunchScreen.xib in Resources */,
				8D8D7DD21B09F9F2003A00AB /* CountDownView.xib in Resources */,
				8D8D7DB71B09F98A003A00AB /* Images.xcassets in Resources */,
			);
			runOnlyForDeploymentPostprocessing = 0;
		};
		8D8D7DBD1B09F98A003A00AB /* Resources */ = {
			isa = PBXResourcesBuildPhase;
			buildActionMask = 2147483647;
			files = (
			);
			runOnlyForDeploymentPostprocessing = 0;
		};
/* End PBXResourcesBuildPhase section */

/* Begin PBXSourcesBuildPhase section */
		8D8D7DA61B09F98A003A00AB /* Sources */ = {
			isa = PBXSourcesBuildPhase;
			buildActionMask = 2147483647;
			files = (
				8D8D7DB21B09F98A003A00AB /* DeomViewController.swift in Sources */,
				8D8D7DB01B09F98A003A00AB /* AppDelegate.swift in Sources */,
				8D8D7DD01B09F9E6003A00AB /* CountDownView.swift in Sources */,
			);
			runOnlyForDeploymentPostprocessing = 0;
		};
		8D8D7DBB1B09F98A003A00AB /* Sources */ = {
			isa = PBXSourcesBuildPhase;
			buildActionMask = 2147483647;
			files = (
				8D8D7DC61B09F98A003A00AB /* CountdownViewTests.swift in Sources */,
			);
			runOnlyForDeploymentPostprocessing = 0;
		};
/* End PBXSourcesBuildPhase section */

/* Begin PBXTargetDependency section */
		8D8D7DC11B09F98A003A00AB /* PBXTargetDependency */ = {
			isa = PBXTargetDependency;
			target = 8D8D7DA91B09F98A003A00AB /* CountdownView */;
			targetProxy = 8D8D7DC01B09F98A003A00AB /* PBXContainerItemProxy */;
		};
/* End PBXTargetDependency section */

/* Begin PBXVariantGroup section */
		8D8D7DB31B09F98A003A00AB /* Main.storyboard */ = {
			isa = PBXVariantGroup;
			children = (
				8D8D7DB41B09F98A003A00AB /* Base */,
			);
			name = Main.storyboard;
			sourceTree = "<group>";
		};
		8D8D7DB81B09F98A003A00AB /* LaunchScreen.xib */ = {
			isa = PBXVariantGroup;
			children = (
				8D8D7DB91B09F98A003A00AB /* Base */,
			);
			name = LaunchScreen.xib;
			sourceTree = "<group>";
		};
/* End PBXVariantGroup section */

/* Begin XCBuildConfiguration section */
		8D8D7DC71B09F98A003A00AB /* Debug */ = {
			isa = XCBuildConfiguration;
			buildSettings = {
				ALWAYS_SEARCH_USER_PATHS = NO;
				CLANG_CXX_LANGUAGE_STANDARD = "gnu++0x";
				CLANG_CXX_LIBRARY = "libc++";
				CLANG_ENABLE_MODULES = YES;
				CLANG_ENABLE_OBJC_ARC = YES;
				CLANG_WARN_BOOL_CONVERSION = YES;
				CLANG_WARN_CONSTANT_CONVERSION = YES;
				CLANG_WARN_DIRECT_OBJC_ISA_USAGE = YES_ERROR;
				CLANG_WARN_EMPTY_BODY = YES;
				CLANG_WARN_ENUM_CONVERSION = YES;
				CLANG_WARN_INT_CONVERSION = YES;
				CLANG_WARN_OBJC_ROOT_CLASS = YES_ERROR;
				CLANG_WARN_UNREACHABLE_CODE = YES;
				CLANG_WARN__DUPLICATE_METHOD_MATCH = YES;
				"CODE_SIGN_IDENTITY[sdk=iphoneos*]" = "iPhone Developer";
				COPY_PHASE_STRIP = NO;
				DEBUG_INFORMATION_FORMAT = "dwarf-with-dsym";
				ENABLE_STRICT_OBJC_MSGSEND = YES;
				GCC_C_LANGUAGE_STANDARD = gnu99;
				GCC_DYNAMIC_NO_PIC = NO;
				GCC_NO_COMMON_BLOCKS = YES;
				GCC_OPTIMIZATION_LEVEL = 0;
				GCC_PREPROCESSOR_DEFINITIONS = (
					"DEBUG=1",
					"$(inherited)",
				);
				GCC_SYMBOLS_PRIVATE_EXTERN = NO;
				GCC_WARN_64_TO_32_BIT_CONVERSION = YES;
				GCC_WARN_ABOUT_RETURN_TYPE = YES_ERROR;
				GCC_WARN_UNDECLARED_SELECTOR = YES;
				GCC_WARN_UNINITIALIZED_AUTOS = YES_AGGRESSIVE;
				GCC_WARN_UNUSED_FUNCTION = YES;
				GCC_WARN_UNUSED_VARIABLE = YES;
				IPHONEOS_DEPLOYMENT_TARGET = 8.3;
				MTL_ENABLE_DEBUG_INFO = YES;
				ONLY_ACTIVE_ARCH = YES;
				SDKROOT = iphoneos;
				SWIFT_OPTIMIZATION_LEVEL = "-Onone";
			};
			name = Debug;
		};
		8D8D7DC81B09F98A003A00AB /* Release */ = {
			isa = XCBuildConfiguration;
			buildSettings = {
				ALWAYS_SEARCH_USER_PATHS = NO;
				CLANG_CXX_LANGUAGE_STANDARD = "gnu++0x";
				CLANG_CXX_LIBRARY = "libc++";
				CLANG_ENABLE_MODULES = YES;
				CLANG_ENABLE_OBJC_ARC = YES;
				CLANG_WARN_BOOL_CONVERSION = YES;
				CLANG_WARN_CONSTANT_CONVERSION = YES;
				CLANG_WARN_DIRECT_OBJC_ISA_USAGE = YES_ERROR;
				CLANG_WARN_EMPTY_BODY = YES;
				CLANG_WARN_ENUM_CONVERSION = YES;
				CLANG_WARN_INT_CONVERSION = YES;
				CLANG_WARN_OBJC_ROOT_CLASS = YES_ERROR;
				CLANG_WARN_UNREACHABLE_CODE = YES;
				CLANG_WARN__DUPLICATE_METHOD_MATCH = YES;
				"CODE_SIGN_IDENTITY[sdk=iphoneos*]" = "iPhone Developer";
				COPY_PHASE_STRIP = NO;
				DEBUG_INFORMATION_FORMAT = "dwarf-with-dsym";
				ENABLE_NS_ASSERTIONS = NO;
				ENABLE_STRICT_OBJC_MSGSEND = YES;
				GCC_C_LANGUAGE_STANDARD = gnu99;
				GCC_NO_COMMON_BLOCKS = YES;
				GCC_WARN_64_TO_32_BIT_CONVERSION = YES;
				GCC_WARN_ABOUT_RETURN_TYPE = YES_ERROR;
				GCC_WARN_UNDECLARED_SELECTOR = YES;
				GCC_WARN_UNINITIALIZED_AUTOS = YES_AGGRESSIVE;
				GCC_WARN_UNUSED_FUNCTION = YES;
				GCC_WARN_UNUSED_VARIABLE = YES;
				IPHONEOS_DEPLOYMENT_TARGET = 8.3;
				MTL_ENABLE_DEBUG_INFO = NO;
				SDKROOT = iphoneos;
				VALIDATE_PRODUCT = YES;
			};
			name = Release;
		};
		8D8D7DCA1B09F98A003A00AB /* Debug */ = {
			isa = XCBuildConfiguration;
			buildSettings = {
				ASSETCATALOG_COMPILER_APPICON_NAME = AppIcon;
				INFOPLIST_FILE = CountdownView/Info.plist;
				LD_RUNPATH_SEARCH_PATHS = "$(inherited) @executable_path/Frameworks";
				PRODUCT_NAME = "$(TARGET_NAME)";
			};
			name = Debug;
		};
		8D8D7DCB1B09F98A003A00AB /* Release */ = {
			isa = XCBuildConfiguration;
			buildSettings = {
				ASSETCATALOG_COMPILER_APPICON_NAME = AppIcon;
				INFOPLIST_FILE = CountdownView/Info.plist;
				LD_RUNPATH_SEARCH_PATHS = "$(inherited) @executable_path/Frameworks";
				PRODUCT_NAME = "$(TARGET_NAME)";
			};
			name = Release;
		};
		8D8D7DCD1B09F98A003A00AB /* Debug */ = {
			isa = XCBuildConfiguration;
			buildSettings = {
				BUNDLE_LOADER = "$(TEST_HOST)";
				FRAMEWORK_SEARCH_PATHS = (
					"$(SDKROOT)/Developer/Library/Frameworks",
					"$(inherited)",
				);
				GCC_PREPROCESSOR_DEFINITIONS = (
					"DEBUG=1",
					"$(inherited)",
				);
				INFOPLIST_FILE = CountdownViewTests/Info.plist;
				LD_RUNPATH_SEARCH_PATHS = "$(inherited) @executable_path/Frameworks @loader_path/Frameworks";
				PRODUCT_NAME = "$(TARGET_NAME)";
				TEST_HOST = "$(BUILT_PRODUCTS_DIR)/CountdownView.app/CountdownView";
			};
			name = Debug;
		};
		8D8D7DCE1B09F98A003A00AB /* Release */ = {
			isa = XCBuildConfiguration;
			buildSettings = {
				BUNDLE_LOADER = "$(TEST_HOST)";
				FRAMEWORK_SEARCH_PATHS = (
					"$(SDKROOT)/Developer/Library/Frameworks",
					"$(inherited)",
				);
				INFOPLIST_FILE = CountdownViewTests/Info.plist;
				LD_RUNPATH_SEARCH_PATHS = "$(inherited) @executable_path/Frameworks @loader_path/Frameworks";
				PRODUCT_NAME = "$(TARGET_NAME)";
				TEST_HOST = "$(BUILT_PRODUCTS_DIR)/CountdownView.app/CountdownView";
			};
			name = Release;
		};
/* End XCBuildConfiguration section */

/* Begin XCConfigurationList section */
		8D8D7DA51B09F98A003A00AB /* Build configuration list for PBXProject "CountdownView" */ = {
			isa = XCConfigurationList;
			buildConfigurations = (
				8D8D7DC71B09F98A003A00AB /* Debug */,
				8D8D7DC81B09F98A003A00AB /* Release */,
			);
			defaultConfigurationIsVisible = 0;
			defaultConfigurationName = Release;
		};
		8D8D7DC91B09F98A003A00AB /* Build configuration list for PBXNativeTarget "CountdownView" */ = {
			isa = XCConfigurationList;
			buildConfigurations = (
				8D8D7DCA1B09F98A003A00AB /* Debug */,
				8D8D7DCB1B09F98A003A00AB /* Release */,
			);
			defaultConfigurationIsVisible = 0;
			defaultConfigurationName = Release;
		};
		8D8D7DCC1B09F98A003A00AB /* Build configuration list for PBXNativeTarget "CountdownViewTests" */ = {
			isa = XCConfigurationList;
			buildConfigurations = (
				8D8D7DCD1B09F98A003A00AB /* Debug */,
				8D8D7DCE1B09F98A003A00AB /* Release */,
			);
			defaultConfigurationIsVisible = 0;
			defaultConfigurationName = Release;
		};
/* End XCConfigurationList section */
	};
	rootObject = 8D8D7DA21B09F98A003A00AB /* Project object */;
}
